hash: 7eee11685d8a945ddd4bc1df7267a5688ecb6a3f6c583e9db1636c3f473a14d6
updated: 2017-07-22T17:45:36.488039164-04:00
imports:
- name: github.com/prometheus/client_golang
  version: c5b7fccd204277076155f10851dad72b76a49317
- name: k8s.io/client-go
  version: e121606b0d09b2e1c467183ee46217fa85a6b672
testImports: []
